<?xml version="1.0" encoding="utf-8"?>
<Project ToolsVersion="4.0" xmlns="http://schemas.microsoft.com/developer/msbuild/2003">
  <ItemGroup>
    <Filter Include="Platform">
      <UniqueIdentifier>{2AC788B4-1694-E3BF-3FAD-D1672BD9184E}</UniqueIdentifier>
    </Filter>
    <Filter Include="Platform\OpenGL">
      <UniqueIdentifier>{1E7D2C1D-8A08-9AE1-9319-1DD6FF23F6E1}</UniqueIdentifier>
    </Filter>
    <Filter Include="Platform\Windows">
      <UniqueIdentifier>{64FBD71A-50F4-F66C-7926-DCF1657ED678}</UniqueIdentifier>
    </Filter>
    <Filter Include="Seed">
      <UniqueIdentifier>{064E8C7C-F284-8D0D-9B71-73108787090F}</UniqueIdentifier>
    </Filter>
    <Filter Include="Seed\Core">
      <UniqueIdentifier>{1E26E537-8A90-99AE-D3CE-4A543F787703}</UniqueIdentifier>
    </Filter>
    <Filter Include="Seed\Events">
      <UniqueIdentifier>{2A37E9CA-96EC-61C0-1FE1-5B978B9558C4}</UniqueIdentifier>
    </Filter>
    <Filter Include="Seed\ImGui">
      <UniqueIdentifier>{B0AFF434-9C67-3682-056F-0FDEF145D172}</UniqueIdentifier>
    </Filter>
    <Filter Include="Seed\Renderer">
      <UniqueIdentifier>{6CB80E21-D878-8A57-A1B3-D3D40D33CF33}</UniqueIdentifier>
    </Filter>
    <Filter Include="Seed\Vendor">
      <UniqueIdentifier>{830D62F1-EFC2-DAE6-78B7-D4BDE46BD1EA}</UniqueIdentifier>
    </Filter>
  </ItemGroup>
  <ItemGroup>
    <ClInclude Include="src\Platform\OpenGL\OpenGLBuffer.h">
      <Filter>Platform\OpenGL</Filter>
    </ClInclude>
    <ClInclude Include="src\Platform\OpenGL\OpenGLFrameBuffer.h">
      <Filter>Platform\OpenGL</Filter>
    </ClInclude>
    <ClInclude Include="src\Platform\OpenGL\OpenGLShader.h">
      <Filter>Platform\OpenGL</Filter>
    </ClInclude>
    <ClInclude Include="src\Platform\OpenGL\OpenGLTexture.h">
      <Filter>Platform\OpenGL</Filter>
    </ClInclude>
    <ClInclude Include="src\Platform\Windows\WindowsInput.h">
      <Filter>Platform\Windows</Filter>
    </ClInclude>
    <ClInclude Include="src\Platform\Windows\WindowsWindow.h">
      <Filter>Platform\Windows</Filter>
    </ClInclude>
    <ClInclude Include="src\Seed.h" />
    <ClInclude Include="src\Seed\Core\Application.h">
      <Filter>Seed\Core</Filter>
    </ClInclude>
    <ClInclude Include="src\Seed\Core\Core.h">
      <Filter>Seed\Core</Filter>
    </ClInclude>
    <ClInclude Include="src\Seed\Core\Input.h">
      <Filter>Seed\Core</Filter>
    </ClInclude>
    <ClInclude Include="src\Seed\Core\KeyCodes.h">
      <Filter>Seed\Core</Filter>
    </ClInclude>
    <ClInclude Include="src\Seed\Core\Layer.h">
      <Filter>Seed\Core</Filter>
    </ClInclude>
    <ClInclude Include="src\Seed\Core\LayerStack.h">
      <Filter>Seed\Core</Filter>
    </ClInclude>
    <ClInclude Include="src\Seed\Core\Log.h">
      <Filter>Seed\Core</Filter>
    </ClInclude>
    <ClInclude Include="src\Seed\Core\MouseButtonCodes.h">
      <Filter>Seed\Core</Filter>
    </ClInclude>
    <ClInclude Include="src\Seed\Core\Window.h">
      <Filter>Seed\Core</Filter>
    </ClInclude>
    <ClInclude Include="src\Seed\EntryPoint.h">
      <Filter>Seed</Filter>
    </ClInclude>
    <ClInclude Include="src\Seed\Events\ApplicationEvents.h">
      <Filter>Seed\Events</Filter>
    </ClInclude>
    <ClInclude Include="src\Seed\Events\Event.h">
      <Filter>Seed\Events</Filter>
    </ClInclude>
    <ClInclude Include="src\Seed\Events\KeyboardEvent.h">
      <Filter>Seed\Events</Filter>
    </ClInclude>
    <ClInclude Include="src\Seed\Events\MouseEvent.h">
      <Filter>Seed\Events</Filter>
    </ClInclude>
    <ClInclude Include="src\Seed\ImGui\ImguiLayer.h">
      <Filter>Seed\ImGui</Filter>
    </ClInclude>
    <ClInclude Include="src\Seed\Renderer\Buffer.h">
      <Filter>Seed\Renderer</Filter>
    </ClInclude>
    <ClInclude Include="src\Seed\Renderer\Camera.h">
      <Filter>Seed\Renderer</Filter>
    </ClInclude>
    <ClInclude Include="src\Seed\Renderer\FrameBuffer.h">
      <Filter>Seed\Renderer</Filter>
    </ClInclude>
    <ClInclude Include="src\Seed\Renderer\Mesh.h">
      <Filter>Seed\Renderer</Filter>
    </ClInclude>
    <ClInclude Include="src\Seed\Renderer\RenderCommandQueue.h">
      <Filter>Seed\Renderer</Filter>
    </ClInclude>
    <ClInclude Include="src\Seed\Renderer\Renderer.h">
      <Filter>Seed\Renderer</Filter>
    </ClInclude>
    <ClInclude Include="src\Seed\Renderer\RendererAPI.h">
      <Filter>Seed\Renderer</Filter>
    </ClInclude>
    <ClInclude Include="src\Seed\Renderer\Shader.h">
      <Filter>Seed\Renderer</Filter>
    </ClInclude>
    <ClInclude Include="src\Seed\Renderer\Texture.h">
      <Filter>Seed\Renderer</Filter>
    </ClInclude>
    <ClInclude Include="src\Seedpch.h" />
  </ItemGroup>
  <ItemGroup>
    <ClCompile Include="src\Platform\OpenGL\OpenGLBuffer.cpp">
      <Filter>Platform\OpenGL</Filter>
    </ClCompile>
    <ClCompile Include="src\Platform\OpenGL\OpenGLFrameBuffer.cpp">
      <Filter>Platform\OpenGL</Filter>
    </ClCompile>
    <ClCompile Include="src\Platform\OpenGL\OpenGLRendererAPI.cpp">
      <Filter>Platform\OpenGL</Filter>
    </ClCompile>
    <ClCompile Include="src\Platform\OpenGL\OpenGLShader.cpp">
      <Filter>Platform\OpenGL</Filter>
    </ClCompile>
    <ClCompile Include="src\Platform\OpenGL\OpenGLTexture.cpp">
      <Filter>Platform\OpenGL</Filter>
    </ClCompile>
    <ClCompile Include="src\Platform\Windows\WindowsInput.cpp">
      <Filter>Platform\Windows</Filter>
    </ClCompile>
    <ClCompile Include="src\Platform\Windows\WindowsWindow.cpp">
      <Filter>Platform\Windows</Filter>
    </ClCompile>
    <ClCompile Include="src\Seed\Core\Application.cpp">
      <Filter>Seed\Core</Filter>
    </ClCompile>
    <ClCompile Include="src\Seed\Core\Core.cpp">
      <Filter>Seed\Core</Filter>
    </ClCompile>
    <ClCompile Include="src\Seed\Core\Layer.cpp">
      <Filter>Seed\Core</Filter>
    </ClCompile>
    <ClCompile Include="src\Seed\Core\LayerStack.cpp">
      <Filter>Seed\Core</Filter>
    </ClCompile>
    <ClCompile Include="src\Seed\Core\Log.cpp">
      <Filter>Seed\Core</Filter>
    </ClCompile>
    <ClCompile Include="src\Seed\ImGui\ImguiBuild.cpp">
      <Filter>Seed\ImGui</Filter>
    </ClCompile>
    <ClCompile Include="src\Seed\ImGui\ImguiLayer.cpp">
      <Filter>Seed\ImGui</Filter>
    </ClCompile>
    <ClCompile Include="src\Seed\Renderer\Buffer.cpp">
      <Filter>Seed\Renderer</Filter>
    </ClCompile>
    <ClCompile Include="src\Seed\Renderer\Camera.cpp">
      <Filter>Seed\Renderer</Filter>
    </ClCompile>
    <ClCompile Include="src\Seed\Renderer\FrameBuffer.cpp">
      <Filter>Seed\Renderer</Filter>
    </ClCompile>
    <ClCompile Include="src\Seed\Renderer\Mesh.cpp">
      <Filter>Seed\Renderer</Filter>
    </ClCompile>
    <ClCompile Include="src\Seed\Renderer\RenderCommandQueue.cpp">
      <Filter>Seed\Renderer</Filter>
    </ClCompile>
    <ClCompile Include="src\Seed\Renderer\Renderer.cpp">
      <Filter>Seed\Renderer</Filter>
    </ClCompile>
    <ClCompile Include="src\Seed\Renderer\Shader.cpp">
      <Filter>Seed\Renderer</Filter>
    </ClCompile>
    <ClCompile Include="src\Seed\Renderer\Texture.cpp">
      <Filter>Seed\Renderer</Filter>
    </ClCompile>
    <ClCompile Include="src\Seed\Vendor\stb_image.cpp">
      <Filter>Seed\Vendor</Filter>
    </ClCompile>
    <ClCompile Include="src\Seedpch.cpp" />
  </ItemGroup>
</Project>